
Microsoft Visual Studio Solution File, Format Version 11.00
# Visual C# Express 2010
Project("{FAE04EC0-301F-11D3-BF4B-00C04F79EFBC}") = "XmlFormat", "XmlFormat\XmlFormat.csproj", "{E4120682-AC98-465B-A80D-E04DD8D61E84}"
EndProject
Global
	GlobalSection(SolutionConfigurationPlatforms) = preSolution
		Debug|x86 = Debug|x86
		Release|x86 = Release|x86
	EndGlobalSection
	GlobalSection(ProjectConfigurationPlatforms) = postSolution
		{E4120682-AC98-465B-A80D-E04DD8D61E84}.Debug|x86.ActiveCfg = Debug|x86
		{E4120682-AC98-465B-A80D-E04DD8D61E84}.Debug|x86.Build.0 = Debug|x86
		{E4120682-AC98-465B-A80D-E04DD8D61E84}.Release|x86.ActiveCfg = Release|x86
		{E4120682-AC98-465B-A80D-E04DD8D61E84}.Release|x86.Build.0 = Release|x86
	EndGlobalSection
	GlobalSection(SolutionProperties) = preSolution
		HideSolutionNode = FALSE
	EndGlobalSection
EndGlobal
